[[package]]
name = "cloudpickle"
version = "2.0.0"
description = "Extended pickling support for Python objects"
category = "main"
optional = false
python-versions = ">=3.6"

[[package]]
name = "colorama"
version = "0.4.4"
description = "Cross-platform colored terminal text."
category = "dev"
optional = false
python-versions = ">=2.7, !=3.0.*, !=3.1.*, !=3.2.*, !=3.3.*, !=3.4.*"

[[package]]
name = "faker"
version = "8.14.0"
description = "Faker is a Python package that generates fake data for you."
category = "main"
optional = false
python-versions = ">=3.6"

[package.dependencies]
python-dateutil = ">=2.4"
text-unidecode = "1.3"

[[package]]
name = "findspark"
version = "1.4.2"
description = "Find pyspark to make it importable."
category = "dev"
optional = false
python-versions = "*"

[[package]]
name = "py"
version = "1.10.0"
description = "library with cross-python path, ini-parsing, io, code, log facilities"
category = "dev"
optional = false
python-versions = ">=2.7, !=3.0.*, !=3.1.*, !=3.2.*, !=3.3.*"

[[package]]
name = "py4j"
version = "0.10.9"
description = "Enables Python programs to dynamically access arbitrary Java objects"
category = "dev"
optional = false
python-versions = "*"

[[package]]
name = "pyspark"
version = "3.1.2"
description = "Apache Spark Python API"
category = "dev"
optional = false
python-versions = ">=3.6"

[package.dependencies]
py4j = "0.10.9"

[package.extras]
ml = ["numpy (>=1.7)"]
mllib = ["numpy (>=1.7)"]
sql = ["pandas (>=0.23.2)", "pyarrow (>=1.0.0)"]

[[package]]
name = "pytest"
version = "3.2.2"
description = "pytest: simple powerful testing with Python"
category = "dev"
optional = false
python-versions = "*"

[package.dependencies]
colorama = {version = "*", markers = "sys_platform == \"win32\""}
py = ">=1.4.33"

[[package]]
name = "pytest-describe"
version = "1.0.0"
description = "Describe-style plugin for pytest"
category = "dev"
optional = false
python-versions = "*"

[package.dependencies]
pytest = ">=2.6.0"

[[package]]
name = "python-dateutil"
version = "2.8.2"
description = "Extensions to the standard Python datetime module"
category = "main"
optional = false
python-versions = "!=3.0.*,!=3.1.*,!=3.2.*,>=2.7"

[package.dependencies]
six = ">=1.5"

[[package]]
name = "six"
version = "1.16.0"
description = "Python 2 and 3 compatibility utilities"
category = "main"
optional = false
python-versions = ">=2.7, !=3.0.*, !=3.1.*, !=3.2.*"

[[package]]
name = "text-unidecode"
version = "1.3"
description = "The most basic Text::Unidecode port"
category = "main"
optional = false
python-versions = "*"

[metadata]
lock-version = "1.1"
python-versions = ">=3.7"
content-hash = "ff7f4e1657eda6e55f16cbcde32fc0f455e720bf7fe6f04062eec1e3dde49fec"

[metadata.files]
cloudpickle = [
    {file = "cloudpickle-2.0.0-py3-none-any.whl", hash = "sha256:6b2df9741d06f43839a3275c4e6632f7df6487a1f181f5f46a052d3c917c3d11"},
    {file = "cloudpickle-2.0.0.tar.gz", hash = "sha256:5cd02f3b417a783ba84a4ec3e290ff7929009fe51f6405423cfccfadd43ba4a4"},
]
colorama = [
    {file = "colorama-0.4.4-py2.py3-none-any.whl", hash = "sha256:9f47eda37229f68eee03b24b9748937c7dc3868f906e8ba69fbcbdd3bc5dc3e2"},
    {file = "colorama-0.4.4.tar.gz", hash = "sha256:5941b2b48a20143d2267e95b1c2a7603ce057ee39fd88e7329b0c292aa16869b"},
]
faker = [
    {file = "Faker-8.14.0-py3-none-any.whl", hash = "sha256:7b116034973a9a977a34a8a380354028150edf69f6cfbe55c03a852dd0a4116b"},
    {file = "Faker-8.14.0.tar.gz", hash = "sha256:2649789e3e0c354dde1b8257d2ba7ed663fc3201e41277581de65c17e8aab10a"},
]
findspark = [
    {file = "findspark-1.4.2-py2.py3-none-any.whl", hash = "sha256:4eeb6d831b28cb869da8f4f1a24eb7ff1b51f11c17e44a713fedc9556ab2ccfe"},
    {file = "findspark-1.4.2.tar.gz", hash = "sha256:6d52971f4417e976aea21aea0f4ac7e470fa365d6139100e03fb76b76eb97da0"},
]
py = [
    {file = "py-1.10.0-py2.py3-none-any.whl", hash = "sha256:3b80836aa6d1feeaa108e046da6423ab8f6ceda6468545ae8d02d9d58d18818a"},
    {file = "py-1.10.0.tar.gz", hash = "sha256:21b81bda15b66ef5e1a777a21c4dcd9c20ad3efd0b3f817e7a809035269e1bd3"},
]
py4j = [
    {file = "py4j-0.10.9-py2.py3-none-any.whl", hash = "sha256:859ba728a7bb43e9c2bf058832759fb97a598bb28cc12f34f5fc4abdec08ede6"},
    {file = "py4j-0.10.9.tar.gz", hash = "sha256:36ec57f43ff8ced260a18aa9a4e46c3500a730cac8860e259cbaa546c2b9db2f"},
]
pyspark = [
    {file = "pyspark-3.1.2.tar.gz", hash = "sha256:5e25ebb18756e9715f4d26848cc7e558035025da74b4fc325a0ebc05ff538e65"},
]
pytest = [
    {file = "pytest-3.2.2-py2.py3-none-any.whl", hash = "sha256:b84f554f8ddc23add65c411bf112b2d88e2489fd45f753b1cae5936358bdf314"},
    {file = "pytest-3.2.2.tar.gz", hash = "sha256:f46e49e0340a532764991c498244a60e3a37d7424a532b3ff1a6a7653f1a403a"},
]
pytest-describe = [
    {file = "pytest-describe-1.0.0.tar.gz", hash = "sha256:3e2ea0e77efa09edb98cf90423bf1da21a462ed90bd3120f8f98fe7519a167d5"},
    {file = "pytest_describe-1.0.0-py2-none-any.whl", hash = "sha256:cc3862662faa5a6fb721927aaef46b46cf787e4a8163e5459fc8778e650fabad"},
    {file = "pytest_describe-1.0.0-py3-none-any.whl", hash = "sha256:95fe78639d4d16c4a1e7d62c70f63030b217c08d2ee6dca49559fe6e730c6696"},
]
python-dateutil = [
    {file = "python-dateutil-2.8.2.tar.gz", hash = "sha256:0123cacc1627ae19ddf3c27a5de5bd67ee4586fbdd6440d9748f8abb483d3e86"},
    {file = "python_dateutil-2.8.2-py2.py3-none-any.whl", hash = "sha256:961d03dc3453ebbc59dbdea9e4e11c5651520a876d0f4db161e8674aae935da9"},
]
six = [
    {file = "six-1.16.0-py2.py3-none-any.whl", hash = "sha256:8abb2f1d86890a2dfb989f9a77cfcfd3e47c2a354b01111771326f8aa26e0254"},
    {file = "six-1.16.0.tar.gz", hash = "sha256:1e61c37477a1626458e36f7b1d82aa5c9b094fa4802892072e49de9c60c4c926"},
]
text-unidecode = [
    {file = "text-unidecode-1.3.tar.gz", hash = "sha256:bad6603bb14d279193107714b288be206cac565dfa49aa5b105294dd5c4aab93"},
    {file = "text_unidecode-1.3-py2.py3-none-any.whl", hash = "sha256:1311f10e8b895935241623731c2ba64f4c455287888b18189350b67134a822e8"},
]
